{
  "name": "fhevmjs-test",
  "version": "1.0.0",
  "lockfileVersion": 3,
  "requires": true,
  "packages": {
    "": {
      "name": "fhevmjs-test",
      "version": "1.0.0",
      "license": "ISC",
      "dependencies": {
        "ethers": "^6.6.3",
        "fhevmjs": "^0.4.0"
      }
    },
    "node_modules/@adraffy/ens-normalize": {
      "version": "1.10.1",
      "resolved": "https://registry.npmjs.org/@adraffy/ens-normalize/-/ens-normalize-1.10.1.tgz",
      "integrity": "sha512-96Z2IP3mYmF1Xg2cDm8f1gWGf/HUVedQ3FMifV4kG/PQ4yEP51xDtRAEfhVNt5f/uzpNkZHwWQuUcu6D6K+Ekw=="
    },
    "node_modules/@noble/curves": {
      "version": "1.2.0",
      "resolved": "https://registry.npmjs.org/@noble/curves/-/curves-1.2.0.tgz",
      "integrity": "sha512-oYclrNgRaM9SsBUBVbb8M6DTV7ZHRTKugureoYEncY5c65HOmRzvSiTE3y5CYaPYJA/GVkrhXEoF0M3Ya9PMnw==",
      "dependencies": {
        "@noble/hashes": "1.3.2"
      },
      "funding": {
        "url": "https://paulmillr.com/funding/"
      }
    },
    "node_modules/@noble/hashes": {
      "version": "1.3.2",
      "resolved": "https://registry.npmjs.org/@noble/hashes/-/hashes-1.3.2.tgz",
      "integrity": "sha512-MVC8EAQp7MvEcm30KWENFjgR+Mkmf+D189XJTkFIlwohU5hcBbn1ZkKq7KVTi2Hme3PMGF390DaL52beVrIihQ==",
      "engines": {
        "node": ">= 16"
      },
      "funding": {
        "url": "https://paulmillr.com/funding/"
      }
    },
    "node_modules/@types/node": {
      "version": "18.15.13",
      "resolved": "https://registry.npmjs.org/@types/node/-/node-18.15.13.tgz",
      "integrity": "sha512-N+0kuo9KgrUQ1Sn/ifDXsvg0TTleP7rIy4zOBGECxAljqvqfqpTfzx0Q1NUedOixRMBfe2Whhb056a42cWs26Q=="
    },
    "node_modules/aes-js": {
      "version": "4.0.0-beta.5",
      "resolved": "https://registry.npmjs.org/aes-js/-/aes-js-4.0.0-beta.5.tgz",
      "integrity": "sha512-G965FqalsNyrPqgEGON7nIx1e/OVENSgiEIzyC63haUMuvNnwIgIjMs52hlTCKhkBny7A2ORNlfY9Zu+jmGk1Q=="
    },
    "node_modules/bigint-buffer": {
      "version": "1.1.5",
      "resolved": "https://registry.npmjs.org/bigint-buffer/-/bigint-buffer-1.1.5.tgz",
      "integrity": "sha512-trfYco6AoZ+rKhKnxA0hgX0HAbVP/s808/EuDSe2JDzUnCp/xAsli35Orvk67UrTEcwuxZqYZDmfA2RXJgxVvA==",
      "hasInstallScript": true,
      "dependencies": {
        "bindings": "^1.3.0"
      },
      "engines": {
        "node": ">= 10.0.0"
      }
    },
    "node_modules/bindings": {
      "version": "1.5.0",
      "resolved": "https://registry.npmjs.org/bindings/-/bindings-1.5.0.tgz",
      "integrity": "sha512-p2q/t/mhvuOj/UeLlV6566GD/guowlr0hHxClI0W9m7MWYkL1F0hLo+0Aexs9HSPCtR1SXQ0TD3MMKrXZajbiQ==",
      "dependencies": {
        "file-uri-to-path": "1.0.0"
      }
    },
    "node_modules/commander": {
      "version": "11.1.0",
      "resolved": "https://registry.npmjs.org/commander/-/commander-11.1.0.tgz",
      "integrity": "sha512-yPVavfyCcRhmorC7rWlkHn15b4wDVgVmBA7kV4QVBsF7kv/9TKJAbAXVTxvTnwP8HHKjRCJDClKbciiYS7p0DQ==",
      "engines": {
        "node": ">=16"
      }
    },
    "node_modules/crypto-js": {
      "version": "4.2.0",
      "resolved": "https://registry.npmjs.org/crypto-js/-/crypto-js-4.2.0.tgz",
      "integrity": "sha512-KALDyEYgpY+Rlob/iriUtjV6d5Eq+Y191A5g4UqLAi8CyGP9N1+FdVbkc1SxKc2r4YAYqG8JzO2KGL+AizD70Q=="
    },
    "node_modules/ethers": {
      "version": "6.12.1",
      "resolved": "https://registry.npmjs.org/ethers/-/ethers-6.12.1.tgz",
      "integrity": "sha512-j6wcVoZf06nqEcBbDWkKg8Fp895SS96dSnTCjiXT+8vt2o02raTn4Lo9ERUuIVU5bAjoPYeA+7ytQFexFmLuVw==",
      "funding": [
        {
          "type": "individual",
          "url": "https://github.com/sponsors/ethers-io/"
        },
        {
          "type": "individual",
          "url": "https://www.buymeacoffee.com/ricmoo"
        }
      ],
      "dependencies": {
        "@adraffy/ens-normalize": "1.10.1",
        "@noble/curves": "1.2.0",
        "@noble/hashes": "1.3.2",
        "@types/node": "18.15.13",
        "aes-js": "4.0.0-beta.5",
        "tslib": "2.4.0",
        "ws": "8.5.0"
      },
      "engines": {
        "node": ">=14.0.0"
      }
    },
    "node_modules/fhevmjs": {
      "version": "0.4.0",
      "resolved": "https://registry.npmjs.org/fhevmjs/-/fhevmjs-0.4.0.tgz",
      "integrity": "sha512-4FEU9B8SYKeikuOycRQzexcTsu2vK89tIzyepIGhQ/d1LzMu84TmfLg5H688CoRUPVbVkRcsaVN13OwzJBKX/w==",
      "dependencies": {
        "bigint-buffer": "^1.1.5",
        "commander": "^11.0.0",
        "crypto-js": "^4.1.1",
        "ethers": "^6.6.4",
        "libsodium": "^0.7.11",
        "libsodium-wrappers": "^0.7.11",
        "node-tfhe": "^0.5.1",
        "tfhe": "^0.5.1"
      },
      "bin": {
        "fhevm": "bin/fhevm.js"
      }
    },
    "node_modules/file-uri-to-path": {
      "version": "1.0.0",
      "resolved": "https://registry.npmjs.org/file-uri-to-path/-/file-uri-to-path-1.0.0.tgz",
      "integrity": "sha512-0Zt+s3L7Vf1biwWZ29aARiVYLx7iMGnEUl9x33fbB/j3jR81u/O2LbqK+Bm1CDSNDKVtJ/YjwY7TUd5SkeLQLw=="
    },
    "node_modules/libsodium": {
      "version": "0.7.13",
      "resolved": "https://registry.npmjs.org/libsodium/-/libsodium-0.7.13.tgz",
      "integrity": "sha512-mK8ju0fnrKXXfleL53vtp9xiPq5hKM0zbDQtcxQIsSmxNgSxqCj6R7Hl9PkrNe2j29T4yoDaF7DJLK9/i5iWUw=="
    },
    "node_modules/libsodium-wrappers": {
      "version": "0.7.13",
      "resolved": "https://registry.npmjs.org/libsodium-wrappers/-/libsodium-wrappers-0.7.13.tgz",
      "integrity": "sha512-kasvDsEi/r1fMzKouIDv7B8I6vNmknXwGiYodErGuESoFTohGSKZplFtVxZqHaoQ217AynyIFgnOVRitpHs0Qw==",
      "dependencies": {
        "libsodium": "^0.7.13"
      }
    },
    "node_modules/node-tfhe": {
      "version": "0.5.4",
      "resolved": "https://registry.npmjs.org/node-tfhe/-/node-tfhe-0.5.4.tgz",
      "integrity": "sha512-xRsaXLnOunYGukABGePv6iiL8PB4UnPszRq9y97PBbbCSPw2AWVEci+XxHrPmD550f0HDMtC+AcCHBUmlCHwtA=="
    },
    "node_modules/tfhe": {
      "version": "0.5.4",
      "resolved": "https://registry.npmjs.org/tfhe/-/tfhe-0.5.4.tgz",
      "integrity": "sha512-hw+H4qVdFHHoJQhx203vC5jIOuYG4TeGRyrj0kW90sNeyo2FgKQiNVvvVd8VkMNj3PALt78gYClUWIwHh9dcKg=="
    },
    "node_modules/tslib": {
      "version": "2.4.0",
      "resolved": "https://registry.npmjs.org/tslib/-/tslib-2.4.0.tgz",
      "integrity": "sha512-d6xOpEDfsi2CZVlPQzGeux8XMwLT9hssAsaPYExaQMuYskwb+x1x7J371tWlbBdWHroy99KnVB6qIkUbs5X3UQ=="
    },
    "node_modules/ws": {
      "version": "8.5.0",
      "resolved": "https://registry.npmjs.org/ws/-/ws-8.5.0.tgz",
      "integrity": "sha512-BWX0SWVgLPzYwF8lTzEy1egjhS4S4OEAHfsO8o65WOVsrnSRGaSiUaa9e0ggGlkMTtBlmOpEXiie9RUcBO86qg==",
      "engines": {
        "node": ">=10.0.0"
      },
      "peerDependencies": {
        "bufferutil": "^4.0.1",
        "utf-8-validate": "^5.0.2"
      },
      "peerDependenciesMeta": {
        "bufferutil": {
          "optional": true
        },
        "utf-8-validate": {
          "optional": true
        }
      }
    }
  }
}
