{
  "name": "fhevmjs-test",
  "version": "1.0.0",
  "lockfileVersion": 2,
  "requires": true,
  "packages": {
    "": {
      "name": "fhevmjs-test",
      "version": "1.0.0",
      "license": "ISC",
      "dependencies": {
        "ethers": "^6.6.3",
        "fhevmjs": "^0.1.1"
      }
    },
    "node_modules/@adraffy/ens-normalize": {
      "version": "1.9.2",
      "resolved": "https://registry.npmjs.org/@adraffy/ens-normalize/-/ens-normalize-1.9.2.tgz",
      "integrity": "sha512-0h+FrQDqe2Wn+IIGFkTCd4aAwTJ+7834Ek1COohCyV26AXhwQ7WQaz+4F/nLOeVl/3BtWHOHLPsq46V8YB46Eg=="
    },
    "node_modules/@noble/secp256k1": {
      "version": "1.7.1",
      "resolved": "https://registry.npmjs.org/@noble/secp256k1/-/secp256k1-1.7.1.tgz",
      "integrity": "sha512-hOUk6AyBFmqVrv7k5WAw/LpszxVbj9gGN4JRkIX52fdFAj1UA61KXmZDvqVEm+pOyec3+fIeZB02LYa/pWOArw==",
      "funding": [
        {
          "type": "individual",
          "url": "https://paulmillr.com/funding/"
        }
      ]
    },
    "node_modules/aes-js": {
      "version": "4.0.0-beta.5",
      "resolved": "https://registry.npmjs.org/aes-js/-/aes-js-4.0.0-beta.5.tgz",
      "integrity": "sha512-G965FqalsNyrPqgEGON7nIx1e/OVENSgiEIzyC63haUMuvNnwIgIjMs52hlTCKhkBny7A2ORNlfY9Zu+jmGk1Q=="
    },
    "node_modules/base64-js": {
      "version": "1.5.1",
      "resolved": "https://registry.npmjs.org/base64-js/-/base64-js-1.5.1.tgz",
      "integrity": "sha512-AKpaYlHn8t4SVbOHCy+b5+KKgvR4vrsD8vbvrbiQJps7fKDTkjkDry6ji0rUJjC0kzbNePLwzxq8iypo41qeWA==",
      "funding": [
        {
          "type": "github",
          "url": "https://github.com/sponsors/feross"
        },
        {
          "type": "patreon",
          "url": "https://www.patreon.com/feross"
        },
        {
          "type": "consulting",
          "url": "https://feross.org/support"
        }
      ]
    },
    "node_modules/buffer": {
      "version": "6.0.3",
      "resolved": "https://registry.npmjs.org/buffer/-/buffer-6.0.3.tgz",
      "integrity": "sha512-FTiCpNxtwiZZHEZbcbTIcZjERVICn9yq/pDFkTl95/AxzD1naBctN7YO68riM/gLSDY7sdrMby8hofADYuuqOA==",
      "funding": [
        {
          "type": "github",
          "url": "https://github.com/sponsors/feross"
        },
        {
          "type": "patreon",
          "url": "https://www.patreon.com/feross"
        },
        {
          "type": "consulting",
          "url": "https://feross.org/support"
        }
      ],
      "dependencies": {
        "base64-js": "^1.3.1",
        "ieee754": "^1.2.1"
      }
    },
    "node_modules/crypto-js": {
      "version": "4.1.1",
      "resolved": "https://registry.npmjs.org/crypto-js/-/crypto-js-4.1.1.tgz",
      "integrity": "sha512-o2JlM7ydqd3Qk9CA0L4NL6mTzU2sdx96a+oOfPu8Mkl/PK51vSyoi8/rQ8NknZtk44vq15lmhAj9CIAGwgeWKw=="
    },
    "node_modules/ethers": {
      "version": "6.6.3",
      "resolved": "https://registry.npmjs.org/ethers/-/ethers-6.6.3.tgz",
      "integrity": "sha512-g8wLXeRWSGDD0T+wsL3pvyc3aYnmxEEAwH8LSoDTDRhRsmJeNs9YMXlNU7ax2caO+zHkeI9MkHiz6rwxEjN4Mw==",
      "funding": [
        {
          "type": "individual",
          "url": "https://github.com/sponsors/ethers-io/"
        },
        {
          "type": "individual",
          "url": "https://www.buymeacoffee.com/ricmoo"
        }
      ],
      "dependencies": {
        "@adraffy/ens-normalize": "1.9.2",
        "@noble/hashes": "1.1.2",
        "@noble/secp256k1": "1.7.1",
        "@types/node": "18.15.13",
        "aes-js": "4.0.0-beta.5",
        "tslib": "2.4.0",
        "ws": "8.5.0"
      },
      "engines": {
        "node": ">=14.0.0"
      }
    },
    "node_modules/ethers/node_modules/@noble/hashes": {
      "version": "1.1.2",
      "resolved": "https://registry.npmjs.org/@noble/hashes/-/hashes-1.1.2.tgz",
      "integrity": "sha512-KYRCASVTv6aeUi1tsF8/vpyR7zpfs3FUzy2Jqm+MU+LmUKhQ0y2FpfwqkCcxSg2ua4GALJd8k2R76WxwZGbQpA==",
      "funding": [
        {
          "type": "individual",
          "url": "https://paulmillr.com/funding/"
        }
      ]
    },
    "node_modules/ethers/node_modules/@types/node": {
      "version": "18.15.13",
      "resolved": "https://registry.npmjs.org/@types/node/-/node-18.15.13.tgz",
      "integrity": "sha512-N+0kuo9KgrUQ1Sn/ifDXsvg0TTleP7rIy4zOBGECxAljqvqfqpTfzx0Q1NUedOixRMBfe2Whhb056a42cWs26Q=="
    },
    "node_modules/ethers/node_modules/ws": {
      "version": "8.5.0",
      "resolved": "https://registry.npmjs.org/ws/-/ws-8.5.0.tgz",
      "integrity": "sha512-BWX0SWVgLPzYwF8lTzEy1egjhS4S4OEAHfsO8o65WOVsrnSRGaSiUaa9e0ggGlkMTtBlmOpEXiie9RUcBO86qg==",
      "engines": {
        "node": ">=10.0.0"
      },
      "peerDependencies": {
        "bufferutil": "^4.0.1",
        "utf-8-validate": "^5.0.2"
      },
      "peerDependenciesMeta": {
        "bufferutil": {
          "optional": true
        },
        "utf-8-validate": {
          "optional": true
        }
      }
    },
    "node_modules/fhevmjs": {
      "version": "0.1.1",
      "resolved": "https://registry.npmjs.org/fhevmjs/-/fhevmjs-0.1.1.tgz",
      "integrity": "sha512-fWtnEkkbQNqtrfgtHGXAbu0Js8pHzVG36KXlRjgUX7ktcVPpP00OOc+oLkGE7oikMEapX20gAb0VKWblIGoF4A==",
      "dependencies": {
        "crypto-js": "^4.1.1",
        "libsodium": "^0.7.11",
        "libsodium-wrappers": "^0.7.11",
        "node-tfhe": "^0.3.0-beta.0",
        "sha3": "^2.1.4",
        "tfhe": "^0.3.0-beta.0"
      }
    },
    "node_modules/ieee754": {
      "version": "1.2.1",
      "resolved": "https://registry.npmjs.org/ieee754/-/ieee754-1.2.1.tgz",
      "integrity": "sha512-dcyqhDvX1C46lXZcVqCpK+FtMRQVdIMN6/Df5js2zouUsqG7I6sFxitIC+7KYK29KdXOLHdu9zL4sFnoVQnqaA==",
      "funding": [
        {
          "type": "github",
          "url": "https://github.com/sponsors/feross"
        },
        {
          "type": "patreon",
          "url": "https://www.patreon.com/feross"
        },
        {
          "type": "consulting",
          "url": "https://feross.org/support"
        }
      ]
    },
    "node_modules/libsodium": {
      "version": "0.7.11",
      "resolved": "https://registry.npmjs.org/libsodium/-/libsodium-0.7.11.tgz",
      "integrity": "sha512-WPfJ7sS53I2s4iM58QxY3Inb83/6mjlYgcmZs7DJsvDlnmVUwNinBCi5vBT43P6bHRy01O4zsMU2CoVR6xJ40A=="
    },
    "node_modules/libsodium-wrappers": {
      "version": "0.7.11",
      "resolved": "https://registry.npmjs.org/libsodium-wrappers/-/libsodium-wrappers-0.7.11.tgz",
      "integrity": "sha512-SrcLtXj7BM19vUKtQuyQKiQCRJPgbpauzl3s0rSwD+60wtHqSUuqcoawlMDheCJga85nKOQwxNYQxf/CKAvs6Q==",
      "dependencies": {
        "libsodium": "^0.7.11"
      }
    },
    "node_modules/node-tfhe": {
      "version": "0.3.0-beta.0",
      "resolved": "https://registry.npmjs.org/node-tfhe/-/node-tfhe-0.3.0-beta.0.tgz",
      "integrity": "sha512-82t7gbwMV5ASmF5JEwLZK/sbG7SiA9pJ/PCSUhUQmTFJiVNc6PSUPMhpHTqGb3Cnpig2jNQUaKhsonL2+RwyqA=="
    },
    "node_modules/sha3": {
      "version": "2.1.4",
      "resolved": "https://registry.npmjs.org/sha3/-/sha3-2.1.4.tgz",
      "integrity": "sha512-S8cNxbyb0UGUM2VhRD4Poe5N58gJnJsLJ5vC7FYWGUmGhcsj4++WaIOBFVDxlG0W3To6xBuiRh+i0Qp2oNCOtg==",
      "dependencies": {
        "buffer": "6.0.3"
      }
    },
    "node_modules/tfhe": {
      "version": "0.3.0-beta.0",
      "resolved": "https://registry.npmjs.org/tfhe/-/tfhe-0.3.0-beta.0.tgz",
      "integrity": "sha512-TjfxwpVkB0BEF1nZOONbztG6G+p+h7oqlXj8+aiopzA1+Mukoc7SnsQvfrrIlNBHdGiSWN0jasDCTv1CS3cc0Q=="
    },
    "node_modules/tslib": {
      "version": "2.4.0",
      "resolved": "https://registry.npmjs.org/tslib/-/tslib-2.4.0.tgz",
      "integrity": "sha512-d6xOpEDfsi2CZVlPQzGeux8XMwLT9hssAsaPYExaQMuYskwb+x1x7J371tWlbBdWHroy99KnVB6qIkUbs5X3UQ=="
    }
  },
  "dependencies": {
    "@adraffy/ens-normalize": {
      "version": "1.9.2",
      "resolved": "https://registry.npmjs.org/@adraffy/ens-normalize/-/ens-normalize-1.9.2.tgz",
      "integrity": "sha512-0h+FrQDqe2Wn+IIGFkTCd4aAwTJ+7834Ek1COohCyV26AXhwQ7WQaz+4F/nLOeVl/3BtWHOHLPsq46V8YB46Eg=="
    },
    "@noble/secp256k1": {
      "version": "1.7.1",
      "resolved": "https://registry.npmjs.org/@noble/secp256k1/-/secp256k1-1.7.1.tgz",
      "integrity": "sha512-hOUk6AyBFmqVrv7k5WAw/LpszxVbj9gGN4JRkIX52fdFAj1UA61KXmZDvqVEm+pOyec3+fIeZB02LYa/pWOArw=="
    },
    "aes-js": {
      "version": "4.0.0-beta.5",
      "resolved": "https://registry.npmjs.org/aes-js/-/aes-js-4.0.0-beta.5.tgz",
      "integrity": "sha512-G965FqalsNyrPqgEGON7nIx1e/OVENSgiEIzyC63haUMuvNnwIgIjMs52hlTCKhkBny7A2ORNlfY9Zu+jmGk1Q=="
    },
    "base64-js": {
      "version": "1.5.1",
      "resolved": "https://registry.npmjs.org/base64-js/-/base64-js-1.5.1.tgz",
      "integrity": "sha512-AKpaYlHn8t4SVbOHCy+b5+KKgvR4vrsD8vbvrbiQJps7fKDTkjkDry6ji0rUJjC0kzbNePLwzxq8iypo41qeWA=="
    },
    "buffer": {
      "version": "6.0.3",
      "resolved": "https://registry.npmjs.org/buffer/-/buffer-6.0.3.tgz",
      "integrity": "sha512-FTiCpNxtwiZZHEZbcbTIcZjERVICn9yq/pDFkTl95/AxzD1naBctN7YO68riM/gLSDY7sdrMby8hofADYuuqOA==",
      "requires": {
        "base64-js": "^1.3.1",
        "ieee754": "^1.2.1"
      }
    },
    "crypto-js": {
      "version": "4.1.1",
      "resolved": "https://registry.npmjs.org/crypto-js/-/crypto-js-4.1.1.tgz",
      "integrity": "sha512-o2JlM7ydqd3Qk9CA0L4NL6mTzU2sdx96a+oOfPu8Mkl/PK51vSyoi8/rQ8NknZtk44vq15lmhAj9CIAGwgeWKw=="
    },
    "ethers": {
      "version": "6.6.3",
      "resolved": "https://registry.npmjs.org/ethers/-/ethers-6.6.3.tgz",
      "integrity": "sha512-g8wLXeRWSGDD0T+wsL3pvyc3aYnmxEEAwH8LSoDTDRhRsmJeNs9YMXlNU7ax2caO+zHkeI9MkHiz6rwxEjN4Mw==",
      "requires": {
        "@adraffy/ens-normalize": "1.9.2",
        "@noble/hashes": "1.1.2",
        "@noble/secp256k1": "1.7.1",
        "@types/node": "18.15.13",
        "aes-js": "4.0.0-beta.5",
        "tslib": "2.4.0",
        "ws": "8.5.0"
      },
      "dependencies": {
        "@noble/hashes": {
          "version": "1.1.2",
          "resolved": "https://registry.npmjs.org/@noble/hashes/-/hashes-1.1.2.tgz",
          "integrity": "sha512-KYRCASVTv6aeUi1tsF8/vpyR7zpfs3FUzy2Jqm+MU+LmUKhQ0y2FpfwqkCcxSg2ua4GALJd8k2R76WxwZGbQpA=="
        },
        "@types/node": {
          "version": "18.15.13",
          "resolved": "https://registry.npmjs.org/@types/node/-/node-18.15.13.tgz",
          "integrity": "sha512-N+0kuo9KgrUQ1Sn/ifDXsvg0TTleP7rIy4zOBGECxAljqvqfqpTfzx0Q1NUedOixRMBfe2Whhb056a42cWs26Q=="
        },
        "ws": {
          "version": "8.5.0",
          "resolved": "https://registry.npmjs.org/ws/-/ws-8.5.0.tgz",
          "integrity": "sha512-BWX0SWVgLPzYwF8lTzEy1egjhS4S4OEAHfsO8o65WOVsrnSRGaSiUaa9e0ggGlkMTtBlmOpEXiie9RUcBO86qg==",
          "requires": {}
        }
      }
    },
    "fhevmjs": {
      "version": "0.1.1",
      "resolved": "https://registry.npmjs.org/fhevmjs/-/fhevmjs-0.1.1.tgz",
      "integrity": "sha512-fWtnEkkbQNqtrfgtHGXAbu0Js8pHzVG36KXlRjgUX7ktcVPpP00OOc+oLkGE7oikMEapX20gAb0VKWblIGoF4A==",
      "requires": {
        "crypto-js": "^4.1.1",
        "libsodium": "^0.7.11",
        "libsodium-wrappers": "^0.7.11",
        "node-tfhe": "^0.3.0-beta.0",
        "sha3": "^2.1.4",
        "tfhe": "^0.3.0-beta.0"
      }
    },
    "ieee754": {
      "version": "1.2.1",
      "resolved": "https://registry.npmjs.org/ieee754/-/ieee754-1.2.1.tgz",
      "integrity": "sha512-dcyqhDvX1C46lXZcVqCpK+FtMRQVdIMN6/Df5js2zouUsqG7I6sFxitIC+7KYK29KdXOLHdu9zL4sFnoVQnqaA=="
    },
    "libsodium": {
      "version": "0.7.11",
      "resolved": "https://registry.npmjs.org/libsodium/-/libsodium-0.7.11.tgz",
      "integrity": "sha512-WPfJ7sS53I2s4iM58QxY3Inb83/6mjlYgcmZs7DJsvDlnmVUwNinBCi5vBT43P6bHRy01O4zsMU2CoVR6xJ40A=="
    },
    "libsodium-wrappers": {
      "version": "0.7.11",
      "resolved": "https://registry.npmjs.org/libsodium-wrappers/-/libsodium-wrappers-0.7.11.tgz",
      "integrity": "sha512-SrcLtXj7BM19vUKtQuyQKiQCRJPgbpauzl3s0rSwD+60wtHqSUuqcoawlMDheCJga85nKOQwxNYQxf/CKAvs6Q==",
      "requires": {
        "libsodium": "^0.7.11"
      }
    },
    "node-tfhe": {
      "version": "0.3.0-beta.0",
      "resolved": "https://registry.npmjs.org/node-tfhe/-/node-tfhe-0.3.0-beta.0.tgz",
      "integrity": "sha512-82t7gbwMV5ASmF5JEwLZK/sbG7SiA9pJ/PCSUhUQmTFJiVNc6PSUPMhpHTqGb3Cnpig2jNQUaKhsonL2+RwyqA=="
    },
    "sha3": {
      "version": "2.1.4",
      "resolved": "https://registry.npmjs.org/sha3/-/sha3-2.1.4.tgz",
      "integrity": "sha512-S8cNxbyb0UGUM2VhRD4Poe5N58gJnJsLJ5vC7FYWGUmGhcsj4++WaIOBFVDxlG0W3To6xBuiRh+i0Qp2oNCOtg==",
      "requires": {
        "buffer": "6.0.3"
      }
    },
    "tfhe": {
      "version": "0.3.0-beta.0",
      "resolved": "https://registry.npmjs.org/tfhe/-/tfhe-0.3.0-beta.0.tgz",
      "integrity": "sha512-TjfxwpVkB0BEF1nZOONbztG6G+p+h7oqlXj8+aiopzA1+Mukoc7SnsQvfrrIlNBHdGiSWN0jasDCTv1CS3cc0Q=="
    },
    "tslib": {
      "version": "2.4.0",
      "resolved": "https://registry.npmjs.org/tslib/-/tslib-2.4.0.tgz",
      "integrity": "sha512-d6xOpEDfsi2CZVlPQzGeux8XMwLT9hssAsaPYExaQMuYskwb+x1x7J371tWlbBdWHroy99KnVB6qIkUbs5X3UQ=="
    }
  }
}
